
Microsoft Visual Studio Solution File, Format Version 12.00
# Visual Studio 2012
Project("{FAE04EC0-301F-11D3-BF4B-00C04F79EFBC}") = "Extension", "Extension\Extension.csproj", "{FCF43686-1D0A-4AB9-BAC7-27BFBD163454}"
EndProject
Global
	GlobalSection(SolutionConfigurationPlatforms) = preSolution
		Debug|Any CPU = Debug|Any CPU
		Release|Any CPU = Release|Any CPU
	EndGlobalSection
	GlobalSection(ProjectConfigurationPlatforms) = postSolution
		{FCF43686-1D0A-4AB9-BAC7-27BFBD163454}.Debug|Any CPU.ActiveCfg = Debug|Any CPU
		{FCF43686-1D0A-4AB9-BAC7-27BFBD163454}.Debug|Any CPU.Build.0 = Debug|Any CPU
		{FCF43686-1D0A-4AB9-BAC7-27BFBD163454}.Release|Any CPU.ActiveCfg = Release|Any CPU
		{FCF43686-1D0A-4AB9-BAC7-27BFBD163454}.Release|Any CPU.Build.0 = Release|Any CPU
	EndGlobalSection
EndGlobal
